
Microsoft Visual Studio Solution File, Format Version 12.00
# Visual Studio Version 16
VisualStudioVersion = 16.0.30804.86
MinimumVisualStudioVersion = 10.0.40219.1
Project("{9A19103F-16F7-4668-BE54-9A1E7A4F7556}") = "SDXBridgeLoaderPatcher", "src\SDXBridgeLoaderPatcher.csproj", "{DE62D649-9086-42A9-B422-88EF32BB3B62}"
EndProject
Global
	GlobalSection(SolutionConfigurationPlatforms) = preSolution
		Debug|Any CPU = Debug|Any CPU
		Release|Any CPU = Release|Any CPU
	EndGlobalSection
	GlobalSection(ProjectConfigurationPlatforms) = postSolution
		{DE62D649-9086-42A9-B422-88EF32BB3B62}.Debug|Any CPU.ActiveCfg = Debug|Any CPU
		{DE62D649-9086-42A9-B422-88EF32BB3B62}.Debug|Any CPU.Build.0 = Debug|Any CPU
		{DE62D649-9086-42A9-B422-88EF32BB3B62}.Release|Any CPU.ActiveCfg = Release|Any CPU
		{DE62D649-9086-42A9-B422-88EF32BB3B62}.Release|Any CPU.Build.0 = Release|Any CPU
	EndGlobalSection
	GlobalSection(SolutionProperties) = preSolution
		HideSolutionNode = FALSE
	EndGlobalSection
	GlobalSection(ExtensibilityGlobals) = postSolution
		SolutionGuid = {78230913-36F6-4D76-949D-59470A7D68BE}
	EndGlobalSection
EndGlobal
